// !$*UTF8*$!
{
	archiveVersion = 1;
	classes = {
	};
	objectVersion = 50;
	objects = {

/* Begin PBXBuildFile section */
		05C5EBE4264E1C19007FE73E /* AppDelegate.swift in Sources */ = {isa = PBXBuildFile; fileRef = 05C5EBE3264E1C19007FE73E /* AppDelegate.swift */; };
		05C5EBE6264E1C19007FE73E /* SceneDelegate.swift in Sources */ = {isa = PBXBuildFile; fileRef = 05C5EBE5264E1C19007FE73E /* SceneDelegate.swift */; };
		05C5EBEB264E1C19007FE73E /* Main.storyboard in Resources */ = {isa = PBXBuildFile; fileRef = 05C5EBE9264E1C19007FE73E /* Main.storyboard */; };
		05C5EBEE264E1C19007FE73E /* toDoList2021.xcdatamodeld in Sources */ = {isa = PBXBuildFile; fileRef = 05C5EBEC264E1C19007FE73E /* toDoList2021.xcdatamodeld */; };
		05C5EBF0264E1C21007FE73E /* Assets.xcassets in Resources */ = {isa = PBXBuildFile; fileRef = 05C5EBEF264E1C21007FE73E /* Assets.xcassets */; };
		05C5EBF3264E1C21007FE73E /* LaunchScreen.storyboard in Resources */ = {isa = PBXBuildFile; fileRef = 05C5EBF1264E1C21007FE73E /* LaunchScreen.storyboard */; };
		05C5EBFE264E1C22007FE73E /* toDoList2021Tests.swift in Sources */ = {isa = PBXBuildFile; fileRef = 05C5EBFD264E1C22007FE73E /* toDoList2021Tests.swift */; };
		05C5EC09264E1D37007FE73E /* TableViewController.swift in Sources */ = {isa = PBXBuildFile; fileRef = 05C5EC08264E1D37007FE73E /* TableViewController.swift */; };
		05C5EC0B264E1DAC007FE73E /* ToDo.swift in Sources */ = {isa = PBXBuildFile; fileRef = 05C5EC0A264E1DAC007FE73E /* ToDo.swift */; };
		05C5EC0D264E21E9007FE73E /* AddToDoViewController.swift in Sources */ = {isa = PBXBuildFile; fileRef = 05C5EC0C264E21E9007FE73E /* AddToDoViewController.swift */; };
		05C5EC0F264E289B007FE73E /* CompleteToDoViewController.swift in Sources */ = {isa = PBXBuildFile; fileRef = 05C5EC0E264E289B007FE73E /* CompleteToDoViewController.swift */; };
/* End PBXBuildFile section */

/* Begin PBXContainerItemProxy section */
		05C5EBFA264E1C22007FE73E /* PBXContainerItemProxy */ = {
			isa = PBXContainerItemProxy;
			containerPortal = 05C5EBD8264E1C19007FE73E /* Project object */;
			proxyType = 1;
			remoteGlobalIDString = 05C5EBDF264E1C19007FE73E;
			remoteInfo = toDoList2021;
		};
/* End PBXContainerItemProxy section */

/* Begin PBXFileReference section */
		05C5EBE0264E1C19007FE73E /* toDoList2021.app */ = {isa = PBXFileReference; explicitFileType = wrapper.application; includeInIndex = 0; path = toDoList2021.app; sourceTree = BUILT_PRODUCTS_DIR; };
		05C5EBE3264E1C19007FE73E /* AppDelegate.swift */ = {isa = PBXFileReference; lastKnownFileType = sourcecode.swift; path = AppDelegate.swift; sourceTree = "<group>"; };
		05C5EBE5264E1C19007FE73E /* SceneDelegate.swift */ = {isa = PBXFileReference; lastKnownFileType = sourcecode.swift; path = SceneDelegate.swift; sourceTree = "<group>"; };
		05C5EBEA264E1C19007FE73E /* Base */ = {isa = PBXFileReference; lastKnownFileType = file.storyboard; name = Base; path = Base.lproj/Main.storyboard; sourceTree = "<group>"; };
		05C5EBED264E1C19007FE73E /* toDoList2021.xcdatamodel */ = {isa = PBXFileReference; lastKnownFileType = wrapper.xcdatamodel; path = toDoList2021.xcdatamodel; sourceTree = "<group>"; };
		05C5EBEF264E1C21007FE73E /* Assets.xcassets */ = {isa = PBXFileReference; lastKnownFileType = folder.assetcatalog; path = Assets.xcassets; sourceTree = "<group>"; };
		05C5EBF2264E1C21007FE73E /* Base */ = {isa = PBXFileReference; lastKnownFileType = file.storyboard; name = Base; path = Base.lproj/LaunchScreen.storyboard; sourceTree = "<group>"; };
		05C5EBF4264E1C21007FE73E /* Info.plist */ = {isa = PBXFileReference; lastKnownFileType = text.plist.xml; path = Info.plist; sourceTree = "<group>"; };
		05C5EBF9264E1C22007FE73E /* toDoList2021Tests.xctest */ = {isa = PBXFileReference; explicitFileType = wrapper.cfbundle; includeInIndex = 0; path = toDoList2021Tests.xctest; sourceTree = BUILT_PRODUCTS_DIR; };
		05C5EBFD264E1C22007FE73E /* toDoList2021Tests.swift */ = {isa = PBXFileReference; lastKnownFileType = sourcecode.swift; path = toDoList2021Tests.swift; sourceTree = "<group>"; };
		05C5EBFF264E1C22007FE73E /* Info.plist */ = {isa = PBXFileReference; lastKnownFileType = text.plist.xml; path = Info.plist; sourceTree = "<group>"; };
		05C5EC08264E1D37007FE73E /* TableViewController.swift */ = {isa = PBXFileReference; lastKnownFileType = sourcecode.swift; path = TableViewController.swift; sourceTree = "<group>"; };
		05C5EC0A264E1DAC007FE73E /* ToDo.swift */ = {isa = PBXFileReference; lastKnownFileType = sourcecode.swift; path = ToDo.swift; sourceTree = "<group>"; };
		05C5EC0C264E21E9007FE73E /* AddToDoViewController.swift */ = {isa = PBXFileReference; lastKnownFileType = sourcecode.swift; path = AddToDoViewController.swift; sourceTree = "<group>"; };
		05C5EC0E264E289B007FE73E /* CompleteToDoViewController.swift */ = {isa = PBXFileReference; lastKnownFileType = sourcecode.swift; path = CompleteToDoViewController.swift; sourceTree = "<group>"; };
/* End PBXFileReference section */

/* Begin PBXFrameworksBuildPhase section */
		05C5EBDD264E1C19007FE73E /* Frameworks */ = {
			isa = PBXFrameworksBuildPhase;
			buildActionMask = 2147483647;
			files = (
			);
			runOnlyForDeploymentPostprocessing = 0;
		};
		05C5EBF6264E1C22007FE73E /* Frameworks */ = {
			isa = PBXFrameworksBuildPhase;
			buildActionMask = 2147483647;
			files = (
			);
			runOnlyForDeploymentPostprocessing = 0;
		};
/* End PBXFrameworksBuildPhase section */

/* Begin PBXGroup section */
		05C5EBD7264E1C19007FE73E = {
			isa = PBXGroup;
			children = (
				05C5EBE2264E1C19007FE73E /* toDoList2021 */,
				05C5EBFC264E1C22007FE73E /* toDoList2021Tests */,
				05C5EBE1264E1C19007FE73E /* Products */,
			);
			sourceTree = "<group>";
		};
		05C5EBE1264E1C19007FE73E /* Products */ = {
			isa = PBXGroup;
			children = (
				05C5EBE0264E1C19007FE73E /* toDoList2021.app */,
				05C5EBF9264E1C22007FE73E /* toDoList2021Tests.xctest */,
			);
			name = Products;
			sourceTree = "<group>";
		};
		05C5EBE2264E1C19007FE73E /* toDoList2021 */ = {
			isa = PBXGroup;
			children = (
				05C5EBE3264E1C19007FE73E /* AppDelegate.swift */,
				05C5EBE5264E1C19007FE73E /* SceneDelegate.swift */,
				05C5EBE9264E1C19007FE73E /* Main.storyboard */,
				05C5EC0E264E289B007FE73E /* CompleteToDoViewController.swift */,
				05C5EC0C264E21E9007FE73E /* AddToDoViewController.swift */,
				05C5EC0A264E1DAC007FE73E /* ToDo.swift */,
				05C5EC08264E1D37007FE73E /* TableViewController.swift */,
				05C5EBEF264E1C21007FE73E /* Assets.xcassets */,
				05C5EBF1264E1C21007FE73E /* LaunchScreen.storyboard */,
				05C5EBF4264E1C21007FE73E /* Info.plist */,
				05C5EBEC264E1C19007FE73E /* toDoList2021.xcdatamodeld */,
			);
			path = toDoList2021;
			sourceTree = "<group>";
		};
		05C5EBFC264E1C22007FE73E /* toDoList2021Tests */ = {
			isa = PBXGroup;
			children = (
				05C5EBFD264E1C22007FE73E /* toDoList2021Tests.swift */,
				05C5EBFF264E1C22007FE73E /* Info.plist */,
			);
			path = toDoList2021Tests;
			sourceTree = "<group>";
		};
/* End PBXGroup section */

/* Begin PBXNativeTarget section */
		05C5EBDF264E1C19007FE73E /* toDoList2021 */ = {
			isa = PBXNativeTarget;
			buildConfigurationList = 05C5EC02264E1C22007FE73E /* Build configuration list for PBXNativeTarget "toDoList2021" */;
			buildPhases = (
				05C5EBDC264E1C19007FE73E /* Sources */,
				05C5EBDD264E1C19007FE73E /* Frameworks */,
				05C5EBDE264E1C19007FE73E /* Resources */,
			);
			buildRules = (
			);
			dependencies = (
			);
			name = toDoList2021;
			productName = toDoList2021;
			productReference = 05C5EBE0264E1C19007FE73E /* toDoList2021.app */;
			productType = "com.apple.product-type.application";
		};
		05C5EBF8264E1C22007FE73E /* toDoList2021Tests */ = {
			isa = PBXNativeTarget;
			buildConfigurationList = 05C5EC05264E1C22007FE73E /* Build configuration list for PBXNativeTarget "toDoList2021Tests" */;
			buildPhases = (
				05C5EBF5264E1C22007FE73E /* Sources */,
				05C5EBF6264E1C22007FE73E /* Frameworks */,
				05C5EBF7264E1C22007FE73E /* Resources */,
			);
			buildRules = (
			);
			dependencies = (
				05C5EBFB264E1C22007FE73E /* PBXTargetDependency */,
			);
			name = toDoList2021Tests;
			productName = toDoList2021Tests;
			productReference = 05C5EBF9264E1C22007FE73E /* toDoList2021Tests.xctest */;
			productType = "com.apple.product-type.bundle.unit-test";
		};
/* End PBXNativeTarget section */

/* Begin PBXProject section */
		05C5EBD8264E1C19007FE73E /* Project object */ = {
			isa = PBXProject;
			attributes = {
				LastSwiftUpdateCheck = 1160;
				LastUpgradeCheck = 1160;
				ORGANIZATIONNAME = "Olivia Kris";
				TargetAttributes = {
					05C5EBDF264E1C19007FE73E = {
						CreatedOnToolsVersion = 11.6;
					};
					05C5EBF8264E1C22007FE73E = {
						CreatedOnToolsVersion = 11.6;
						TestTargetID = 05C5EBDF264E1C19007FE73E;
					};
				};
			};
			buildConfigurationList = 05C5EBDB264E1C19007FE73E /* Build configuration list for PBXProject "toDoList2021" */;
			compatibilityVersion = "Xcode 9.3";
			developmentRegion = en;
			hasScannedForEncodings = 0;
			knownRegions = (
				en,
				Base,
			);
			mainGroup = 05C5EBD7264E1C19007FE73E;
			productRefGroup = 05C5EBE1264E1C19007FE73E /* Products */;
			projectDirPath = "";
			projectRoot = "";
			targets = (
				05C5EBDF264E1C19007FE73E /* toDoList2021 */,
				05C5EBF8264E1C22007FE73E /* toDoList2021Tests */,
			);
		};
/* End PBXProject section */

/* Begin PBXResourcesBuildPhase section */
		05C5EBDE264E1C19007FE73E /* Resources */ = {
			isa = PBXResourcesBuildPhase;
			buildActionMask = 2147483647;
			files = (
				05C5EBF3264E1C21007FE73E /* LaunchScreen.storyboard in Resources */,
				05C5EBF0264E1C21007FE73E /* Assets.xcassets in Resources */,
				05C5EBEB264E1C19007FE73E /* Main.storyboard in Resources */,
			);
			runOnlyForDeploymentPostprocessing = 0;
		};
		05C5EBF7264E1C22007FE73E /* Resources */ = {
			isa = PBXResourcesBuildPhase;
			buildActionMask = 2147483647;
			files = (
			);
			runOnlyForDeploymentPostprocessing = 0;
		};
/* End PBXResourcesBuildPhase section */

/* Begin PBXSourcesBuildPhase section */
		05C5EBDC264E1C19007FE73E /* Sources */ = {
			isa = PBXSourcesBuildPhase;
			buildActionMask = 2147483647;
			files = (
				05C5EBEE264E1C19007FE73E /* toDoList2021.xcdatamodeld in Sources */,
				05C5EC0B264E1DAC007FE73E /* ToDo.swift in Sources */,
				05C5EBE4264E1C19007FE73E /* AppDelegate.swift in Sources */,
				05C5EC0F264E289B007FE73E /* CompleteToDoViewController.swift in Sources */,
				05C5EBE6264E1C19007FE73E /* SceneDelegate.swift in Sources */,
				05C5EC0D264E21E9007FE73E /* AddToDoViewController.swift in Sources */,
				05C5EC09264E1D37007FE73E /* TableViewController.swift in Sources */,
			);
			runOnlyForDeploymentPostprocessing = 0;
		};
		05C5EBF5264E1C22007FE73E /* Sources */ = {
			isa = PBXSourcesBuildPhase;
			buildActionMask = 2147483647;
			files = (
				05C5EBFE264E1C22007FE73E /* toDoList2021Tests.swift in Sources */,
			);
			runOnlyForDeploymentPostprocessing = 0;
		};
/* End PBXSourcesBuildPhase section */

/* Begin PBXTargetDependency section */
		05C5EBFB264E1C22007FE73E /* PBXTargetDependency */ = {
			isa = PBXTargetDependency;
			target = 05C5EBDF264E1C19007FE73E /* toDoList2021 */;
			targetProxy = 05C5EBFA264E1C22007FE73E /* PBXContainerItemProxy */;
		};
/* End PBXTargetDependency section */

/* Begin PBXVariantGroup section */
		05C5EBE9264E1C19007FE73E /* Main.storyboard */ = {
			isa = PBXVariantGroup;
			children = (
				05C5EBEA264E1C19007FE73E /* Base */,
			);
			name = Main.storyboard;
			sourceTree = "<group>";
		};
		05C5EBF1264E1C21007FE73E /* LaunchScreen.storyboard */ = {
			isa = PBXVariantGroup;
			children = (
				05C5EBF2264E1C21007FE73E /* Base */,
			);
			name = LaunchScreen.storyboard;
			sourceTree = "<group>";
		};
/* End PBXVariantGroup section */

/* Begin XCBuildConfiguration section */
		05C5EC00264E1C22007FE73E /* Debug */ = {
			isa = XCBuildConfiguration;
			buildSettings = {
				ALWAYS_SEARCH_USER_PATHS = NO;
				CLANG_ANALYZER_NONNULL = YES;
				CLANG_ANALYZER_NUMBER_OBJECT_CONVERSION = YES_AGGRESSIVE;
				CLANG_CXX_LANGUAGE_STANDARD = "gnu++14";
				CLANG_CXX_LIBRARY = "libc++";
				CLANG_ENABLE_MODULES = YES;
				CLANG_ENABLE_OBJC_ARC = YES;
				CLANG_ENABLE_OBJC_WEAK = YES;
				CLANG_WARN_BLOCK_CAPTURE_AUTORELEASING = YES;
				CLANG_WARN_BOOL_CONVERSION = YES;
				CLANG_WARN_COMMA = YES;
				CLANG_WARN_CONSTANT_CONVERSION = YES;
				CLANG_WARN_DEPRECATED_OBJC_IMPLEMENTATIONS = YES;
				CLANG_WARN_DIRECT_OBJC_ISA_USAGE = YES_ERROR;
				CLANG_WARN_DOCUMENTATION_COMMENTS = YES;
				CLANG_WARN_EMPTY_BODY = YES;
				CLANG_WARN_ENUM_CONVERSION = YES;
				CLANG_WARN_INFINITE_RECURSION = YES;
				CLANG_WARN_INT_CONVERSION = YES;
				CLANG_WARN_NON_LITERAL_NULL_CONVERSION = YES;
				CLANG_WARN_OBJC_IMPLICIT_RETAIN_SELF = YES;
				CLANG_WARN_OBJC_LITERAL_CONVERSION = YES;
				CLANG_WARN_OBJC_ROOT_CLASS = YES_ERROR;
				CLANG_WARN_RANGE_LOOP_ANALYSIS = YES;
				CLANG_WARN_STRICT_PROTOTYPES = YES;
				CLANG_WARN_SUSPICIOUS_MOVE = YES;
				CLANG_WARN_UNGUARDED_AVAILABILITY = YES_AGGRESSIVE;
				CLANG_WARN_UNREACHABLE_CODE = YES;
				CLANG_WARN__DUPLICATE_METHOD_MATCH = YES;
				COPY_PHASE_STRIP = NO;
				DEBUG_INFORMATION_FORMAT = dwarf;
				ENABLE_STRICT_OBJC_MSGSEND = YES;
				ENABLE_TESTABILITY = YES;
				GCC_C_LANGUAGE_STANDARD = gnu11;
				GCC_DYNAMIC_NO_PIC = NO;
				GCC_NO_COMMON_BLOCKS = YES;
				GCC_OPTIMIZATION_LEVEL = 0;
				GCC_PREPROCESSOR_DEFINITIONS = (
					"DEBUG=1",
					"$(inherited)",
				);
				GCC_WARN_64_TO_32_BIT_CONVERSION = YES;
				GCC_WARN_ABOUT_RETURN_TYPE = YES_ERROR;
				GCC_WARN_UNDECLARED_SELECTOR = YES;
				GCC_WARN_UNINITIALIZED_AUTOS = YES_AGGRESSIVE;
				GCC_WARN_UNUSED_FUNCTION = YES;
				GCC_WARN_UNUSED_VARIABLE = YES;
				IPHONEOS_DEPLOYMENT_TARGET = 13.6;
				MTL_ENABLE_DEBUG_INFO = INCLUDE_SOURCE;
				MTL_FAST_MATH = YES;
				ONLY_ACTIVE_ARCH = YES;
				SDKROOT = iphoneos;
				SWIFT_ACTIVE_COMPILATION_CONDITIONS = DEBUG;
				SWIFT_OPTIMIZATION_LEVEL = "-Onone";
			};
			name = Debug;
		};
		05C5EC01264E1C22007FE73E /* Release */ = {
			isa = XCBuildConfiguration;
			buildSettings = {
				ALWAYS_SEARCH_USER_PATHS = NO;
				CLANG_ANALYZER_NONNULL = YES;
				CLANG_ANALYZER_NUMBER_OBJECT_CONVERSION = YES_AGGRESSIVE;
				CLANG_CXX_LANGUAGE_STANDARD = "gnu++14";
				CLANG_CXX_LIBRARY = "libc++";
				CLANG_ENABLE_MODULES = YES;
				CLANG_ENABLE_OBJC_ARC = YES;
				CLANG_ENABLE_OBJC_WEAK = YES;
				CLANG_WARN_BLOCK_CAPTURE_AUTORELEASING = YES;
				CLANG_WARN_BOOL_CONVERSION = YES;
				CLANG_WARN_COMMA = YES;
				CLANG_WARN_CONSTANT_CONVERSION = YES;
				CLANG_WARN_DEPRECATED_OBJC_IMPLEMENTATIONS = YES;
				CLANG_WARN_DIRECT_OBJC_ISA_USAGE = YES_ERROR;
				CLANG_WARN_DOCUMENTATION_COMMENTS = YES;
				CLANG_WARN_EMPTY_BODY = YES;
				CLANG_WARN_ENUM_CONVERSION = YES;
				CLANG_WARN_INFINITE_RECURSION = YES;
				CLANG_WARN_INT_CONVERSION = YES;
				CLANG_WARN_NON_LITERAL_NULL_CONVERSION = YES;
				CLANG_WARN_OBJC_IMPLICIT_RETAIN_SELF = YES;
				CLANG_WARN_OBJC_LITERAL_CONVERSION = YES;
				CLANG_WARN_OBJC_ROOT_CLASS = YES_ERROR;
				CLANG_WARN_RANGE_LOOP_ANALYSIS = YES;
				CLANG_WARN_STRICT_PROTOTYPES = YES;
				CLANG_WARN_SUSPICIOUS_MOVE = YES;
				CLANG_WARN_UNGUARDED_AVAILABILITY = YES_AGGRESSIVE;
				CLANG_WARN_UNREACHABLE_CODE = YES;
				CLANG_WARN__DUPLICATE_METHOD_MATCH = YES;
				COPY_PHASE_STRIP = NO;
				DEBUG_INFORMATION_FORMAT = "dwarf-with-dsym";
				ENABLE_NS_ASSERTIONS = NO;
				ENABLE_STRICT_OBJC_MSGSEND = YES;
				GCC_C_LANGUAGE_STANDARD = gnu11;
				GCC_NO_COMMON_BLOCKS = YES;
				GCC_WARN_64_TO_32_BIT_CONVERSION = YES;
				GCC_WARN_ABOUT_RETURN_TYPE = YES_ERROR;
				GCC_WARN_UNDECLARED_SELECTOR = YES;
				GCC_WARN_UNINITIALIZED_AUTOS = YES_AGGRESSIVE;
				GCC_WARN_UNUSED_FUNCTION = YES;
				GCC_WARN_UNUSED_VARIABLE = YES;
				IPHONEOS_DEPLOYMENT_TARGET = 13.6;
				MTL_ENABLE_DEBUG_INFO = NO;
				MTL_FAST_MATH = YES;
				SDKROOT = iphoneos;
				SWIFT_COMPILATION_MODE = wholemodule;
				SWIFT_OPTIMIZATION_LEVEL = "-O";
				VALIDATE_PRODUCT = YES;
			};
			name = Release;
		};
		05C5EC03264E1C22007FE73E /* Debug */ = {
			isa = XCBuildConfiguration;
			buildSettings = {
				ASSETCATALOG_COMPILER_APPICON_NAME = AppIcon;
				CODE_SIGN_STYLE = Automatic;
				INFOPLIST_FILE = toDoList2021/Info.plist;
				LD_RUNPATH_SEARCH_PATHS = (
					"$(inherited)",
					"@executable_path/Frameworks",
				);
				PRODUCT_BUNDLE_IDENTIFIER = com.example.toDoList2021;
				PRODUCT_NAME = "$(TARGET_NAME)";
				SWIFT_VERSION = 5.0;
				TARGETED_DEVICE_FAMILY = "1,2";
			};
			name = Debug;
		};
		05C5EC04264E1C22007FE73E /* Release */ = {
			isa = XCBuildConfiguration;
			buildSettings = {
				ASSETCATALOG_COMPILER_APPICON_NAME = AppIcon;
				CODE_SIGN_STYLE = Automatic;
				INFOPLIST_FILE = toDoList2021/Info.plist;
				LD_RUNPATH_SEARCH_PATHS = (
					"$(inherited)",
					"@executable_path/Frameworks",
				);
				PRODUCT_BUNDLE_IDENTIFIER = com.example.toDoList2021;
				PRODUCT_NAME = "$(TARGET_NAME)";
				SWIFT_VERSION = 5.0;
				TARGETED_DEVICE_FAMILY = "1,2";
			};
			name = Release;
		};
		05C5EC06264E1C22007FE73E /* Debug */ = {
			isa = XCBuildConfiguration;
			buildSettings = {
				ALWAYS_EMBED_SWIFT_STANDARD_LIBRARIES = YES;
				BUNDLE_LOADER = "$(TEST_HOST)";
				CODE_SIGN_STYLE = Automatic;
				INFOPLIST_FILE = toDoList2021Tests/Info.plist;
				IPHONEOS_DEPLOYMENT_TARGET = 13.6;
				LD_RUNPATH_SEARCH_PATHS = (
					"$(inherited)",
					"@executable_path/Frameworks",
					"@loader_path/Frameworks",
				);
				PRODUCT_BUNDLE_IDENTIFIER = com.example.toDoList2021Tests;
				PRODUCT_NAME = "$(TARGET_NAME)";
				SWIFT_VERSION = 5.0;
				TARGETED_DEVICE_FAMILY = "1,2";
				TEST_HOST = "$(BUILT_PRODUCTS_DIR)/toDoList2021.app/toDoList2021";
			};
			name = Debug;
		};
		05C5EC07264E1C22007FE73E /* Release */ = {
			isa = XCBuildConfiguration;
			buildSettings = {
				ALWAYS_EMBED_SWIFT_STANDARD_LIBRARIES = YES;
				BUNDLE_LOADER = "$(TEST_HOST)";
				CODE_SIGN_STYLE = Automatic;
				INFOPLIST_FILE = toDoList2021Tests/Info.plist;
				IPHONEOS_DEPLOYMENT_TARGET = 13.6;
				LD_RUNPATH_SEARCH_PATHS = (
					"$(inherited)",
					"@executable_path/Frameworks",
					"@loader_path/Frameworks",
				);
				PRODUCT_BUNDLE_IDENTIFIER = com.example.toDoList2021Tests;
				PRODUCT_NAME = "$(TARGET_NAME)";
				SWIFT_VERSION = 5.0;
				TARGETED_DEVICE_FAMILY = "1,2";
				TEST_HOST = "$(BUILT_PRODUCTS_DIR)/toDoList2021.app/toDoList2021";
			};
			name = Release;
		};
/* End XCBuildConfiguration section */

/* Begin XCConfigurationList section */
		05C5EBDB264E1C19007FE73E /* Build configuration list for PBXProject "toDoList2021" */ = {
			isa = XCConfigurationList;
			buildConfigurations = (
				05C5EC00264E1C22007FE73E /* Debug */,
				05C5EC01264E1C22007FE73E /* Release */,
			);
			defaultConfigurationIsVisible = 0;
			defaultConfigurationName = Release;
		};
		05C5EC02264E1C22007FE73E /* Build configuration list for PBXNativeTarget "toDoList2021" */ = {
			isa = XCConfigurationList;
			buildConfigurations = (
				05C5EC03264E1C22007FE73E /* Debug */,
				05C5EC04264E1C22007FE73E /* Release */,
			);
			defaultConfigurationIsVisible = 0;
			defaultConfigurationName = Release;
		};
		05C5EC05264E1C22007FE73E /* Build configuration list for PBXNativeTarget "toDoList2021Tests" */ = {
			isa = XCConfigurationList;
			buildConfigurations = (
				05C5EC06264E1C22007FE73E /* Debug */,
				05C5EC07264E1C22007FE73E /* Release */,
			);
			defaultConfigurationIsVisible = 0;
			defaultConfigurationName = Release;
		};
/* End XCConfigurationList section */

/* Begin XCVersionGroup section */
		05C5EBEC264E1C19007FE73E /* toDoList2021.xcdatamodeld */ = {
			isa = XCVersionGroup;
			children = (
				05C5EBED264E1C19007FE73E /* toDoList2021.xcdatamodel */,
			);
			currentVersion = 05C5EBED264E1C19007FE73E /* toDoList2021.xcdatamodel */;
			path = toDoList2021.xcdatamodeld;
			sourceTree = "<group>";
			versionGroupType = wrapper.xcdatamodel;
		};
/* End XCVersionGroup section */
	};
	rootObject = 05C5EBD8264E1C19007FE73E /* Project object */;
}
